github.com/go-filesystems/interface v0.4.0 h1:JAekS0P8ocsFy8knnIZvkKJiifgRw3RKACkL3MQmBd4=
github.com/go-filesystems/interface v0.4.0/go.mod h1:u9v8mvapNV8djzObwCECdyd2g6JBU6HNTR4EAqxOn6U=
github.com/nwaples/rardecode/v2 v2.4.1 h1:F7zNW2LdAuuBThHWXQaiFUGVD/sef299NfWSB1nHAl4=
github.com/nwaples/rardecode/v2 v2.4.1/go.mod h1:7uz379lSxPe6j9nvzxUZ+n7mnJNgjsRNb6IbvGVHRmw=
